
Microsoft Visual Studio Solution File, Format Version 11.00
# Visual Web Developer Express 2010
Project("{FAE04EC0-301F-11D3-BF4B-00C04F79EFBC}") = "FakeNews", "FakeNews.csproj", "{345F831A-39B4-45D7-998B-36592B448C68}"
EndProject
Global
	GlobalSection(SolutionConfigurationPlatforms) = preSolution
		Debug|Any CPU = Debug|Any CPU
		Release|Any CPU = Release|Any CPU
	EndGlobalSection
	GlobalSection(ProjectConfigurationPlatforms) = postSolution
		{345F831A-39B4-45D7-998B-36592B448C68}.Debug|Any CPU.ActiveCfg = Debug|Any CPU
		{345F831A-39B4-45D7-998B-36592B448C68}.Debug|Any CPU.Build.0 = Debug|Any CPU
		{345F831A-39B4-45D7-998B-36592B448C68}.Release|Any CPU.ActiveCfg = Release|Any CPU
		{345F831A-39B4-45D7-998B-36592B448C68}.Release|Any CPU.Build.0 = Release|Any CPU
	EndGlobalSection
	GlobalSection(SolutionProperties) = preSolution
		HideSolutionNode = FALSE
	EndGlobalSection
EndGlobal
